
Microsoft Visual Studio Solution File, Format Version 12.00
# Visual Studio Version 17
VisualStudioVersion = 17.13.35931.197
MinimumVisualStudioVersion = 10.0.40219.1
Project("{FAE04EC0-301F-11D3-BF4B-00C04F79EFBC}") = "ModaApp.Api", "ModaApp.Api\ModaApp.Api.csproj", "{59F8A3B7-59A1-40AD-98B6-3C903D3FD186}"
EndProject
Project("{2150E333-8FDC-42A3-9474-1A3956D46DE8}") = "src", "src", "{02EA681E-C7D8-13C7-8484-4AC65E1B71E8}"
EndProject
Project("{2150E333-8FDC-42A3-9474-1A3956D46DE8}") = "Presentation", "Presentation", "{DFB8EC13-AB04-465E-B0BB-9BFFE951FFE8}"
EndProject
Project("{2150E333-8FDC-42A3-9474-1A3956D46DE8}") = "Core", "Core", "{89033C9C-AD71-485C-A8F7-81E6DD827CB1}"
EndProject
Project("{2150E333-8FDC-42A3-9474-1A3956D46DE8}") = "Cross-Cutting", "Cross-Cutting", "{423574B6-B825-4886-BD41-1FDD7CB02780}"
EndProject
Project("{2150E333-8FDC-42A3-9474-1A3956D46DE8}") = "Infrastructure", "Infrastructure", "{73174A6C-A355-4A38-8226-AC30E8F76124}"
EndProject
Project("{FAE04EC0-301F-11D3-BF4B-00C04F79EFBC}") = "ModaApp.WebFramework", "ModaApp.WebFramework\ModaApp.WebFramework.csproj", "{14180D96-D864-45E5-A1C1-D47684832B05}"
EndProject
Project("{FAE04EC0-301F-11D3-BF4B-00C04F79EFBC}") = "ModaApp.Application", "ModaApp.Application\ModaApp.Application.csproj", "{9F4A2E46-DA9E-4965-B523-38AC6730050D}"
EndProject
Project("{FAE04EC0-301F-11D3-BF4B-00C04F79EFBC}") = "ModaApp.Domain", "ModaApp.Domain\ModaApp.Domain.csproj", "{5B7858C9-AF3F-456C-A3E3-60DB16AB9B68}"
EndProject
Project("{FAE04EC0-301F-11D3-BF4B-00C04F79EFBC}") = "ModaApp.Common", "ModaApp.Common\ModaApp.Common.csproj", "{F7F9FED0-F803-44DD-B0B9-40B59BB7DC31}"
EndProject
Project("{FAE04EC0-301F-11D3-BF4B-00C04F79EFBC}") = "ModaApp.Infrastructure", "ModaApp.Infrastructure\ModaApp.Infrastructure.csproj", "{925ABC92-BE94-4233-8299-0D2C5F1FFE75}"
EndProject
Project("{FAE04EC0-301F-11D3-BF4B-00C04F79EFBC}") = "ModaApp.Infrastructure.Persistence", "ModaApp.Infrastructure.Persistence\ModaApp.Infrastructure.Persistence.csproj", "{56B52384-5A71-4D70-9818-D952CFFC2876}"
EndProject
Global
	GlobalSection(SolutionConfigurationPlatforms) = preSolution
		Debug|Any CPU = Debug|Any CPU
		Release|Any CPU = Release|Any CPU
	EndGlobalSection
	GlobalSection(ProjectConfigurationPlatforms) = postSolution
		{59F8A3B7-59A1-40AD-98B6-3C903D3FD186}.Debug|Any CPU.ActiveCfg = Debug|Any CPU
		{59F8A3B7-59A1-40AD-98B6-3C903D3FD186}.Debug|Any CPU.Build.0 = Debug|Any CPU
		{59F8A3B7-59A1-40AD-98B6-3C903D3FD186}.Release|Any CPU.ActiveCfg = Release|Any CPU
		{59F8A3B7-59A1-40AD-98B6-3C903D3FD186}.Release|Any CPU.Build.0 = Release|Any CPU
		{14180D96-D864-45E5-A1C1-D47684832B05}.Debug|Any CPU.ActiveCfg = Debug|Any CPU
		{14180D96-D864-45E5-A1C1-D47684832B05}.Debug|Any CPU.Build.0 = Debug|Any CPU
		{14180D96-D864-45E5-A1C1-D47684832B05}.Release|Any CPU.ActiveCfg = Release|Any CPU
		{14180D96-D864-45E5-A1C1-D47684832B05}.Release|Any CPU.Build.0 = Release|Any CPU
		{9F4A2E46-DA9E-4965-B523-38AC6730050D}.Debug|Any CPU.ActiveCfg = Debug|Any CPU
		{9F4A2E46-DA9E-4965-B523-38AC6730050D}.Debug|Any CPU.Build.0 = Debug|Any CPU
		{9F4A2E46-DA9E-4965-B523-38AC6730050D}.Release|Any CPU.ActiveCfg = Release|Any CPU
		{9F4A2E46-DA9E-4965-B523-38AC6730050D}.Release|Any CPU.Build.0 = Release|Any CPU
		{5B7858C9-AF3F-456C-A3E3-60DB16AB9B68}.Debug|Any CPU.ActiveCfg = Debug|Any CPU
		{5B7858C9-AF3F-456C-A3E3-60DB16AB9B68}.Debug|Any CPU.Build.0 = Debug|Any CPU
		{5B7858C9-AF3F-456C-A3E3-60DB16AB9B68}.Release|Any CPU.ActiveCfg = Release|Any CPU
		{5B7858C9-AF3F-456C-A3E3-60DB16AB9B68}.Release|Any CPU.Build.0 = Release|Any CPU
		{F7F9FED0-F803-44DD-B0B9-40B59BB7DC31}.Debug|Any CPU.ActiveCfg = Debug|Any CPU
		{F7F9FED0-F803-44DD-B0B9-40B59BB7DC31}.Debug|Any CPU.Build.0 = Debug|Any CPU
		{F7F9FED0-F803-44DD-B0B9-40B59BB7DC31}.Release|Any CPU.ActiveCfg = Release|Any CPU
		{F7F9FED0-F803-44DD-B0B9-40B59BB7DC31}.Release|Any CPU.Build.0 = Release|Any CPU
		{925ABC92-BE94-4233-8299-0D2C5F1FFE75}.Debug|Any CPU.ActiveCfg = Debug|Any CPU
		{925ABC92-BE94-4233-8299-0D2C5F1FFE75}.Debug|Any CPU.Build.0 = Debug|Any CPU
		{925ABC92-BE94-4233-8299-0D2C5F1FFE75}.Release|Any CPU.ActiveCfg = Release|Any CPU
		{925ABC92-BE94-4233-8299-0D2C5F1FFE75}.Release|Any CPU.Build.0 = Release|Any CPU
		{56B52384-5A71-4D70-9818-D952CFFC2876}.Debug|Any CPU.ActiveCfg = Debug|Any CPU
		{56B52384-5A71-4D70-9818-D952CFFC2876}.Debug|Any CPU.Build.0 = Debug|Any CPU
		{56B52384-5A71-4D70-9818-D952CFFC2876}.Release|Any CPU.ActiveCfg = Release|Any CPU
		{56B52384-5A71-4D70-9818-D952CFFC2876}.Release|Any CPU.Build.0 = Release|Any CPU
	EndGlobalSection
	GlobalSection(SolutionProperties) = preSolution
		HideSolutionNode = FALSE
	EndGlobalSection
	GlobalSection(NestedProjects) = preSolution
		{59F8A3B7-59A1-40AD-98B6-3C903D3FD186} = {DFB8EC13-AB04-465E-B0BB-9BFFE951FFE8}
		{DFB8EC13-AB04-465E-B0BB-9BFFE951FFE8} = {02EA681E-C7D8-13C7-8484-4AC65E1B71E8}
		{89033C9C-AD71-485C-A8F7-81E6DD827CB1} = {02EA681E-C7D8-13C7-8484-4AC65E1B71E8}
		{423574B6-B825-4886-BD41-1FDD7CB02780} = {02EA681E-C7D8-13C7-8484-4AC65E1B71E8}
		{73174A6C-A355-4A38-8226-AC30E8F76124} = {02EA681E-C7D8-13C7-8484-4AC65E1B71E8}
		{14180D96-D864-45E5-A1C1-D47684832B05} = {DFB8EC13-AB04-465E-B0BB-9BFFE951FFE8}
		{9F4A2E46-DA9E-4965-B523-38AC6730050D} = {89033C9C-AD71-485C-A8F7-81E6DD827CB1}
		{5B7858C9-AF3F-456C-A3E3-60DB16AB9B68} = {89033C9C-AD71-485C-A8F7-81E6DD827CB1}
		{F7F9FED0-F803-44DD-B0B9-40B59BB7DC31} = {423574B6-B825-4886-BD41-1FDD7CB02780}
		{925ABC92-BE94-4233-8299-0D2C5F1FFE75} = {73174A6C-A355-4A38-8226-AC30E8F76124}
		{56B52384-5A71-4D70-9818-D952CFFC2876} = {73174A6C-A355-4A38-8226-AC30E8F76124}
	EndGlobalSection
	GlobalSection(ExtensibilityGlobals) = postSolution
		SolutionGuid = {E5C719AD-9037-47FC-8336-B77FDE50E074}
	EndGlobalSection
EndGlobal
